
Microsoft Visual Studio Solution File, Format Version 12.00
# Visual Studio Version 17
VisualStudioVersion = 17.2.32526.322
MinimumVisualStudioVersion = 10.0.40219.1
Project("{2150E333-8FDC-42A3-9474-1A3956D46DE8}") = "1 - Services", "1 - Services", "{44B1DB9F-7053-4947-B798-5214258782AF}"
EndProject
Project("{2150E333-8FDC-42A3-9474-1A3956D46DE8}") = "3 - Domain", "3 - Domain", "{B55DA4C3-E78F-4F95-BC30-DC57356CF901}"
EndProject
Project("{2150E333-8FDC-42A3-9474-1A3956D46DE8}") = "4 - Infra", "4 - Infra", "{22AC17FA-1039-4C86-8BD5-18C6E7CC6210}"
EndProject
Project("{9A19103F-16F7-4668-BE54-9A1E7A4F7556}") = "Teste.BancoMaster.Domain", "Teste.BancoMaster.Domain\Teste.BancoMaster.Domain.csproj", "{2C1CD8E8-25E1-4B5D-972C-86718C15C2B0}"
EndProject
Project("{2150E333-8FDC-42A3-9474-1A3956D46DE8}") = "4.1 - Data", "4.1 - Data", "{A98685D8-82A4-47D1-BD9A-D81EA143DB26}"
EndProject
Project("{9A19103F-16F7-4668-BE54-9A1E7A4F7556}") = "Teste.BancoMaster.Infra.Data", "Teste.BancoMaster.Infra.Data\Teste.BancoMaster.Infra.Data.csproj", "{5A073819-94C5-4BE0-BD5F-87F808618651}"
EndProject
Project("{2150E333-8FDC-42A3-9474-1A3956D46DE8}") = "4.2 - CrossCutting", "4.2 - CrossCutting", "{EA6F4CD9-D3AC-4A8D-88CA-662322045341}"
EndProject
Project("{9A19103F-16F7-4668-BE54-9A1E7A4F7556}") = "Teste.BancoMaster.CC.IoC", "Teste.BancoMaster.CC.IoC\Teste.BancoMaster.CC.IoC.csproj", "{46ECFD8B-F00C-44DE-8E70-5AB7C4EB44C1}"
EndProject
Project("{9A19103F-16F7-4668-BE54-9A1E7A4F7556}") = "Teste.BancoMaster.Domain.Core", "Teste.BancoMaster.Domain.Core\Teste.BancoMaster.Domain.Core.csproj", "{241E0F84-642E-4B68-A69E-F2E04A3E7BC1}"
EndProject
Project("{2150E333-8FDC-42A3-9474-1A3956D46DE8}") = "1.1 - API Rota", "1.1 - API Rota", "{59E711C7-7CAA-435D-9688-29686362F9C9}"
EndProject
Project("{FAE04EC0-301F-11D3-BF4B-00C04F79EFBC}") = "CQRS.DDD.Clean.RabbitMQ.Application.API", "CQRS.DDD.Clean.RabbitMQ.Application.API\CQRS.DDD.Clean.RabbitMQ.Application.API.csproj", "{8ACDDA02-9F74-4CD5-A299-9ECAED513891}"
EndProject
Project("{2150E333-8FDC-42A3-9474-1A3956D46DE8}") = "2 - Application", "2 - Application", "{253C9CE0-E9BC-4C65-9E38-DBEE76CD2230}"
EndProject
Project("{FAE04EC0-301F-11D3-BF4B-00C04F79EFBC}") = "CQRS.DDD.Clean.RabbitMQ.Application", "CQRS.DDD.Clean.RabbitMQ.Application\CQRS.DDD.Clean.RabbitMQ.Application.csproj", "{C04FBDE9-108A-4CA6-888B-6B6F9DE371AD}"
EndProject
Project("{2150E333-8FDC-42A3-9474-1A3956D46DE8}") = "1.2 - API  Bus Teste", "1.2 - API  Bus Teste", "{009EE7BA-0DB0-41CE-A085-B5D8BF6FA869}"
EndProject
Project("{FAE04EC0-301F-11D3-BF4B-00C04F79EFBC}") = "CQRS.DDD.Clean.RabbitMQ.Application.BusAPI", "CQRS.DDD.Clean.RabbitMQ.Application.BusAPI\CQRS.DDD.Clean.RabbitMQ.Application.BusAPI.csproj", "{311453A4-C555-42E1-BD24-09CE94D8C26B}"
EndProject
Project("{FAE04EC0-301F-11D3-BF4B-00C04F79EFBC}") = "CQRS.DDD.Clean.RabbitMQ.CC.Bus", "CQRS.DDD.Clean.RabbitMQ.CC.Bus\CQRS.DDD.Clean.RabbitMQ.CC.Bus.csproj", "{29BCDF59-F437-4F59-9E53-AC5464438CFF}"
EndProject
Global
	GlobalSection(SolutionConfigurationPlatforms) = preSolution
		Debug|Any CPU = Debug|Any CPU
		Release|Any CPU = Release|Any CPU
	EndGlobalSection
	GlobalSection(ProjectConfigurationPlatforms) = postSolution
		{2C1CD8E8-25E1-4B5D-972C-86718C15C2B0}.Debug|Any CPU.ActiveCfg = Debug|Any CPU
		{2C1CD8E8-25E1-4B5D-972C-86718C15C2B0}.Debug|Any CPU.Build.0 = Debug|Any CPU
		{2C1CD8E8-25E1-4B5D-972C-86718C15C2B0}.Release|Any CPU.ActiveCfg = Release|Any CPU
		{2C1CD8E8-25E1-4B5D-972C-86718C15C2B0}.Release|Any CPU.Build.0 = Release|Any CPU
		{5A073819-94C5-4BE0-BD5F-87F808618651}.Debug|Any CPU.ActiveCfg = Debug|Any CPU
		{5A073819-94C5-4BE0-BD5F-87F808618651}.Debug|Any CPU.Build.0 = Debug|Any CPU
		{5A073819-94C5-4BE0-BD5F-87F808618651}.Release|Any CPU.ActiveCfg = Release|Any CPU
		{5A073819-94C5-4BE0-BD5F-87F808618651}.Release|Any CPU.Build.0 = Release|Any CPU
		{46ECFD8B-F00C-44DE-8E70-5AB7C4EB44C1}.Debug|Any CPU.ActiveCfg = Debug|Any CPU
		{46ECFD8B-F00C-44DE-8E70-5AB7C4EB44C1}.Debug|Any CPU.Build.0 = Debug|Any CPU
		{46ECFD8B-F00C-44DE-8E70-5AB7C4EB44C1}.Release|Any CPU.ActiveCfg = Release|Any CPU
		{46ECFD8B-F00C-44DE-8E70-5AB7C4EB44C1}.Release|Any CPU.Build.0 = Release|Any CPU
		{241E0F84-642E-4B68-A69E-F2E04A3E7BC1}.Debug|Any CPU.ActiveCfg = Debug|Any CPU
		{241E0F84-642E-4B68-A69E-F2E04A3E7BC1}.Debug|Any CPU.Build.0 = Debug|Any CPU
		{241E0F84-642E-4B68-A69E-F2E04A3E7BC1}.Release|Any CPU.ActiveCfg = Release|Any CPU
		{241E0F84-642E-4B68-A69E-F2E04A3E7BC1}.Release|Any CPU.Build.0 = Release|Any CPU
		{8ACDDA02-9F74-4CD5-A299-9ECAED513891}.Debug|Any CPU.ActiveCfg = Debug|Any CPU
		{8ACDDA02-9F74-4CD5-A299-9ECAED513891}.Debug|Any CPU.Build.0 = Debug|Any CPU
		{8ACDDA02-9F74-4CD5-A299-9ECAED513891}.Release|Any CPU.ActiveCfg = Release|Any CPU
		{8ACDDA02-9F74-4CD5-A299-9ECAED513891}.Release|Any CPU.Build.0 = Release|Any CPU
		{C04FBDE9-108A-4CA6-888B-6B6F9DE371AD}.Debug|Any CPU.ActiveCfg = Debug|Any CPU
		{C04FBDE9-108A-4CA6-888B-6B6F9DE371AD}.Debug|Any CPU.Build.0 = Debug|Any CPU
		{C04FBDE9-108A-4CA6-888B-6B6F9DE371AD}.Release|Any CPU.ActiveCfg = Release|Any CPU
		{C04FBDE9-108A-4CA6-888B-6B6F9DE371AD}.Release|Any CPU.Build.0 = Release|Any CPU
		{311453A4-C555-42E1-BD24-09CE94D8C26B}.Debug|Any CPU.ActiveCfg = Debug|Any CPU
		{311453A4-C555-42E1-BD24-09CE94D8C26B}.Debug|Any CPU.Build.0 = Debug|Any CPU
		{311453A4-C555-42E1-BD24-09CE94D8C26B}.Release|Any CPU.ActiveCfg = Release|Any CPU
		{311453A4-C555-42E1-BD24-09CE94D8C26B}.Release|Any CPU.Build.0 = Release|Any CPU
		{29BCDF59-F437-4F59-9E53-AC5464438CFF}.Debug|Any CPU.ActiveCfg = Debug|Any CPU
		{29BCDF59-F437-4F59-9E53-AC5464438CFF}.Debug|Any CPU.Build.0 = Debug|Any CPU
		{29BCDF59-F437-4F59-9E53-AC5464438CFF}.Release|Any CPU.ActiveCfg = Release|Any CPU
		{29BCDF59-F437-4F59-9E53-AC5464438CFF}.Release|Any CPU.Build.0 = Release|Any CPU
	EndGlobalSection
	GlobalSection(SolutionProperties) = preSolution
		HideSolutionNode = FALSE
	EndGlobalSection
	GlobalSection(NestedProjects) = preSolution
		{2C1CD8E8-25E1-4B5D-972C-86718C15C2B0} = {B55DA4C3-E78F-4F95-BC30-DC57356CF901}
		{A98685D8-82A4-47D1-BD9A-D81EA143DB26} = {22AC17FA-1039-4C86-8BD5-18C6E7CC6210}
		{5A073819-94C5-4BE0-BD5F-87F808618651} = {A98685D8-82A4-47D1-BD9A-D81EA143DB26}
		{EA6F4CD9-D3AC-4A8D-88CA-662322045341} = {22AC17FA-1039-4C86-8BD5-18C6E7CC6210}
		{46ECFD8B-F00C-44DE-8E70-5AB7C4EB44C1} = {EA6F4CD9-D3AC-4A8D-88CA-662322045341}
		{241E0F84-642E-4B68-A69E-F2E04A3E7BC1} = {B55DA4C3-E78F-4F95-BC30-DC57356CF901}
		{59E711C7-7CAA-435D-9688-29686362F9C9} = {44B1DB9F-7053-4947-B798-5214258782AF}
		{8ACDDA02-9F74-4CD5-A299-9ECAED513891} = {59E711C7-7CAA-435D-9688-29686362F9C9}
		{C04FBDE9-108A-4CA6-888B-6B6F9DE371AD} = {253C9CE0-E9BC-4C65-9E38-DBEE76CD2230}
		{009EE7BA-0DB0-41CE-A085-B5D8BF6FA869} = {44B1DB9F-7053-4947-B798-5214258782AF}
		{311453A4-C555-42E1-BD24-09CE94D8C26B} = {009EE7BA-0DB0-41CE-A085-B5D8BF6FA869}
		{29BCDF59-F437-4F59-9E53-AC5464438CFF} = {EA6F4CD9-D3AC-4A8D-88CA-662322045341}
	EndGlobalSection
	GlobalSection(ExtensibilityGlobals) = postSolution
		SolutionGuid = {6F20B5BA-D6A7-4901-9619-1A8223C56A95}
	EndGlobalSection
EndGlobal
