
Microsoft Visual Studio Solution File, Format Version 12.00
# Visual Studio Version 17
VisualStudioVersion = 17.2.32526.322
MinimumVisualStudioVersion = 10.0.40219.1
Project("{2150E333-8FDC-42A3-9474-1A3956D46DE8}") = "1 - Services", "1 - Services", "{44B1DB9F-7053-4947-B798-5214258782AF}"
EndProject
Project("{2150E333-8FDC-42A3-9474-1A3956D46DE8}") = "3 - Domain", "3 - Domain", "{B55DA4C3-E78F-4F95-BC30-DC57356CF901}"
EndProject
Project("{2150E333-8FDC-42A3-9474-1A3956D46DE8}") = "4 - Infra", "4 - Infra", "{22AC17FA-1039-4C86-8BD5-18C6E7CC6210}"
EndProject
Project("{2150E333-8FDC-42A3-9474-1A3956D46DE8}") = "4.2 - CrossCutting", "4.2 - CrossCutting", "{EA6F4CD9-D3AC-4A8D-88CA-662322045341}"
EndProject
Project("{2150E333-8FDC-42A3-9474-1A3956D46DE8}") = "1.1 - API Rota", "1.1 - API Rota", "{59E711C7-7CAA-435D-9688-29686362F9C9}"
EndProject
Project("{FAE04EC0-301F-11D3-BF4B-00C04F79EFBC}") = "CQRS.DDD.Clean.RabbitMQ.Application.API", "CQRS.DDD.Clean.RabbitMQ.Application.API\CQRS.DDD.Clean.RabbitMQ.Application.API.csproj", "{8ACDDA02-9F74-4CD5-A299-9ECAED513891}"
EndProject
Project("{2150E333-8FDC-42A3-9474-1A3956D46DE8}") = "2 - Application", "2 - Application", "{253C9CE0-E9BC-4C65-9E38-DBEE76CD2230}"
EndProject
Project("{FAE04EC0-301F-11D3-BF4B-00C04F79EFBC}") = "CQRS.DDD.Clean.RabbitMQ.Application", "CQRS.DDD.Clean.RabbitMQ.Application\CQRS.DDD.Clean.RabbitMQ.Application.csproj", "{C04FBDE9-108A-4CA6-888B-6B6F9DE371AD}"
EndProject
Project("{2150E333-8FDC-42A3-9474-1A3956D46DE8}") = "1.2 - API  Bus Teste", "1.2 - API  Bus Teste", "{009EE7BA-0DB0-41CE-A085-B5D8BF6FA869}"
EndProject
Project("{FAE04EC0-301F-11D3-BF4B-00C04F79EFBC}") = "CQRS.DDD.Clean.RabbitMQ.Application.BusAPI", "CQRS.DDD.Clean.RabbitMQ.Application.BusAPI\CQRS.DDD.Clean.RabbitMQ.Application.BusAPI.csproj", "{311453A4-C555-42E1-BD24-09CE94D8C26B}"
EndProject
Project("{FAE04EC0-301F-11D3-BF4B-00C04F79EFBC}") = "CQRS.DDD.Clean.RabbitMQ.CC.Bus", "CQRS.DDD.Clean.RabbitMQ.CC.Bus\CQRS.DDD.Clean.RabbitMQ.CC.Bus.csproj", "{29BCDF59-F437-4F59-9E53-AC5464438CFF}"
EndProject
Project("{FAE04EC0-301F-11D3-BF4B-00C04F79EFBC}") = "CQRS.DDD.Clean.RabbitMQ.CC.IoC", "CQRS.DDD.Clean.RabbitMQ.CC.IoC\CQRS.DDD.Clean.RabbitMQ.CC.IoC.csproj", "{4E1E262E-BB04-407A-A8AC-380EA99132BE}"
EndProject
Project("{FAE04EC0-301F-11D3-BF4B-00C04F79EFBC}") = "CQRS.DDD.Clean.RabbitMQ.Domain", "CQRS.DDD.Clean.RabbitMQ.Domain\CQRS.DDD.Clean.RabbitMQ.Domain.csproj", "{486358CC-0431-4A20-AF33-C96D94D2DCD9}"
EndProject
Project("{FAE04EC0-301F-11D3-BF4B-00C04F79EFBC}") = "CQRS.DDD.Clean.RabbitMQ.Domain.Core", "CQRS.DDD.Clean.RabbitMQ.Domain.Core\CQRS.DDD.Clean.RabbitMQ.Domain.Core.csproj", "{957CD952-49B1-4A0F-A8BB-99521BD79415}"
EndProject
Project("{2150E333-8FDC-42A3-9474-1A3956D46DE8}") = "4.1 - Data", "4.1 - Data", "{0EDFB920-ACB0-4F4F-B7B1-F62B8E8CC4BC}"
EndProject
Project("{FAE04EC0-301F-11D3-BF4B-00C04F79EFBC}") = "CQRS.DDD.Clean.RabbitMQ.Infra.Data", "CQRS.DDD.Clean.RabbitMQ.Infra.Data\CQRS.DDD.Clean.RabbitMQ.Infra.Data.csproj", "{E2D1A1D3-29CA-45F9-AC86-7F61AF6452E3}"
EndProject
Global
	GlobalSection(SolutionConfigurationPlatforms) = preSolution
		Debug|Any CPU = Debug|Any CPU
		Release|Any CPU = Release|Any CPU
	EndGlobalSection
	GlobalSection(ProjectConfigurationPlatforms) = postSolution
		{8ACDDA02-9F74-4CD5-A299-9ECAED513891}.Debug|Any CPU.ActiveCfg = Debug|Any CPU
		{8ACDDA02-9F74-4CD5-A299-9ECAED513891}.Debug|Any CPU.Build.0 = Debug|Any CPU
		{8ACDDA02-9F74-4CD5-A299-9ECAED513891}.Release|Any CPU.ActiveCfg = Release|Any CPU
		{8ACDDA02-9F74-4CD5-A299-9ECAED513891}.Release|Any CPU.Build.0 = Release|Any CPU
		{C04FBDE9-108A-4CA6-888B-6B6F9DE371AD}.Debug|Any CPU.ActiveCfg = Debug|Any CPU
		{C04FBDE9-108A-4CA6-888B-6B6F9DE371AD}.Debug|Any CPU.Build.0 = Debug|Any CPU
		{C04FBDE9-108A-4CA6-888B-6B6F9DE371AD}.Release|Any CPU.ActiveCfg = Release|Any CPU
		{C04FBDE9-108A-4CA6-888B-6B6F9DE371AD}.Release|Any CPU.Build.0 = Release|Any CPU
		{311453A4-C555-42E1-BD24-09CE94D8C26B}.Debug|Any CPU.ActiveCfg = Debug|Any CPU
		{311453A4-C555-42E1-BD24-09CE94D8C26B}.Debug|Any CPU.Build.0 = Debug|Any CPU
		{311453A4-C555-42E1-BD24-09CE94D8C26B}.Release|Any CPU.ActiveCfg = Release|Any CPU
		{311453A4-C555-42E1-BD24-09CE94D8C26B}.Release|Any CPU.Build.0 = Release|Any CPU
		{29BCDF59-F437-4F59-9E53-AC5464438CFF}.Debug|Any CPU.ActiveCfg = Debug|Any CPU
		{29BCDF59-F437-4F59-9E53-AC5464438CFF}.Debug|Any CPU.Build.0 = Debug|Any CPU
		{29BCDF59-F437-4F59-9E53-AC5464438CFF}.Release|Any CPU.ActiveCfg = Release|Any CPU
		{29BCDF59-F437-4F59-9E53-AC5464438CFF}.Release|Any CPU.Build.0 = Release|Any CPU
		{4E1E262E-BB04-407A-A8AC-380EA99132BE}.Debug|Any CPU.ActiveCfg = Debug|Any CPU
		{4E1E262E-BB04-407A-A8AC-380EA99132BE}.Debug|Any CPU.Build.0 = Debug|Any CPU
		{4E1E262E-BB04-407A-A8AC-380EA99132BE}.Release|Any CPU.ActiveCfg = Release|Any CPU
		{4E1E262E-BB04-407A-A8AC-380EA99132BE}.Release|Any CPU.Build.0 = Release|Any CPU
		{486358CC-0431-4A20-AF33-C96D94D2DCD9}.Debug|Any CPU.ActiveCfg = Debug|Any CPU
		{486358CC-0431-4A20-AF33-C96D94D2DCD9}.Debug|Any CPU.Build.0 = Debug|Any CPU
		{486358CC-0431-4A20-AF33-C96D94D2DCD9}.Release|Any CPU.ActiveCfg = Release|Any CPU
		{486358CC-0431-4A20-AF33-C96D94D2DCD9}.Release|Any CPU.Build.0 = Release|Any CPU
		{957CD952-49B1-4A0F-A8BB-99521BD79415}.Debug|Any CPU.ActiveCfg = Debug|Any CPU
		{957CD952-49B1-4A0F-A8BB-99521BD79415}.Debug|Any CPU.Build.0 = Debug|Any CPU
		{957CD952-49B1-4A0F-A8BB-99521BD79415}.Release|Any CPU.ActiveCfg = Release|Any CPU
		{957CD952-49B1-4A0F-A8BB-99521BD79415}.Release|Any CPU.Build.0 = Release|Any CPU
		{E2D1A1D3-29CA-45F9-AC86-7F61AF6452E3}.Debug|Any CPU.ActiveCfg = Debug|Any CPU
		{E2D1A1D3-29CA-45F9-AC86-7F61AF6452E3}.Debug|Any CPU.Build.0 = Debug|Any CPU
		{E2D1A1D3-29CA-45F9-AC86-7F61AF6452E3}.Release|Any CPU.ActiveCfg = Release|Any CPU
		{E2D1A1D3-29CA-45F9-AC86-7F61AF6452E3}.Release|Any CPU.Build.0 = Release|Any CPU
	EndGlobalSection
	GlobalSection(SolutionProperties) = preSolution
		HideSolutionNode = FALSE
	EndGlobalSection
	GlobalSection(NestedProjects) = preSolution
		{EA6F4CD9-D3AC-4A8D-88CA-662322045341} = {22AC17FA-1039-4C86-8BD5-18C6E7CC6210}
		{59E711C7-7CAA-435D-9688-29686362F9C9} = {44B1DB9F-7053-4947-B798-5214258782AF}
		{8ACDDA02-9F74-4CD5-A299-9ECAED513891} = {59E711C7-7CAA-435D-9688-29686362F9C9}
		{C04FBDE9-108A-4CA6-888B-6B6F9DE371AD} = {253C9CE0-E9BC-4C65-9E38-DBEE76CD2230}
		{009EE7BA-0DB0-41CE-A085-B5D8BF6FA869} = {44B1DB9F-7053-4947-B798-5214258782AF}
		{311453A4-C555-42E1-BD24-09CE94D8C26B} = {009EE7BA-0DB0-41CE-A085-B5D8BF6FA869}
		{29BCDF59-F437-4F59-9E53-AC5464438CFF} = {EA6F4CD9-D3AC-4A8D-88CA-662322045341}
		{4E1E262E-BB04-407A-A8AC-380EA99132BE} = {EA6F4CD9-D3AC-4A8D-88CA-662322045341}
		{486358CC-0431-4A20-AF33-C96D94D2DCD9} = {B55DA4C3-E78F-4F95-BC30-DC57356CF901}
		{957CD952-49B1-4A0F-A8BB-99521BD79415} = {B55DA4C3-E78F-4F95-BC30-DC57356CF901}
		{0EDFB920-ACB0-4F4F-B7B1-F62B8E8CC4BC} = {22AC17FA-1039-4C86-8BD5-18C6E7CC6210}
		{E2D1A1D3-29CA-45F9-AC86-7F61AF6452E3} = {0EDFB920-ACB0-4F4F-B7B1-F62B8E8CC4BC}
	EndGlobalSection
	GlobalSection(ExtensibilityGlobals) = postSolution
		SolutionGuid = {6F20B5BA-D6A7-4901-9619-1A8223C56A95}
	EndGlobalSection
EndGlobal
